
Microsoft Visual Studio Solution File, Format Version 12.00
# Visual Studio Version 17
VisualStudioVersion = 17.9.34728.123
MinimumVisualStudioVersion = 10.0.40219.1
Project("{FAE04EC0-301F-11D3-BF4B-00C04F79EFBC}") = "tts_service", "tts_service\tts_service.csproj", "{57CC36A0-1AAA-4311-9F4D-EEFF2C9E0A4C}"
EndProject
Project("{9A19103F-16F7-4668-BE54-9A1E7A4F7556}") = "tsubasa", "tsubasa\tsubasa\tsubasa.csproj", "{64D7C153-8B26-48DA-8028-CE778D3321FB}"
EndProject
Project("{FAE04EC0-301F-11D3-BF4B-00C04F79EFBC}") = "DoubaoTtsSdk", "DoubaoTtsSdk\DoubaoTtsSdk.csproj", "{C67B046F-8567-417F-9CBF-BB69C119857C}"
EndProject
Project("{FAE04EC0-301F-11D3-BF4B-00C04F79EFBC}") = "tester", "tester\tester.csproj", "{73F210CB-1888-4603-8651-4172C3427290}"
EndProject
Global
	GlobalSection(SolutionConfigurationPlatforms) = preSolution
		Debug_Linux|Any CPU = Debug_Linux|Any CPU
		Debug_Linux|x64 = Debug_Linux|x64
		Debug_Linux|x86 = Debug_Linux|x86
		Debug_Win|Any CPU = Debug_Win|Any CPU
		Debug_Win|x64 = Debug_Win|x64
		Debug_Win|x86 = Debug_Win|x86
		Debug|Any CPU = Debug|Any CPU
		Debug|x64 = Debug|x64
		Debug|x86 = Debug|x86
		Release_Linux|Any CPU = Release_Linux|Any CPU
		Release_Linux|x64 = Release_Linux|x64
		Release_Linux|x86 = Release_Linux|x86
		Release_Win|Any CPU = Release_Win|Any CPU
		Release_Win|x64 = Release_Win|x64
		Release_Win|x86 = Release_Win|x86
		Release|Any CPU = Release|Any CPU
		Release|x64 = Release|x64
		Release|x86 = Release|x86
		Windows_Debug|Any CPU = Windows_Debug|Any CPU
		Windows_Debug|x64 = Windows_Debug|x64
		Windows_Debug|x86 = Windows_Debug|x86
	EndGlobalSection
	GlobalSection(ProjectConfigurationPlatforms) = postSolution
		{57CC36A0-1AAA-4311-9F4D-EEFF2C9E0A4C}.Debug_Linux|Any CPU.ActiveCfg = Debug|Any CPU
		{57CC36A0-1AAA-4311-9F4D-EEFF2C9E0A4C}.Debug_Linux|Any CPU.Build.0 = Debug|Any CPU
		{57CC36A0-1AAA-4311-9F4D-EEFF2C9E0A4C}.Debug_Linux|x64.ActiveCfg = Debug|Any CPU
		{57CC36A0-1AAA-4311-9F4D-EEFF2C9E0A4C}.Debug_Linux|x64.Build.0 = Debug|Any CPU
		{57CC36A0-1AAA-4311-9F4D-EEFF2C9E0A4C}.Debug_Linux|x86.ActiveCfg = Debug|Any CPU
		{57CC36A0-1AAA-4311-9F4D-EEFF2C9E0A4C}.Debug_Linux|x86.Build.0 = Debug|Any CPU
		{57CC36A0-1AAA-4311-9F4D-EEFF2C9E0A4C}.Debug_Win|Any CPU.ActiveCfg = Debug|Any CPU
		{57CC36A0-1AAA-4311-9F4D-EEFF2C9E0A4C}.Debug_Win|Any CPU.Build.0 = Debug|Any CPU
		{57CC36A0-1AAA-4311-9F4D-EEFF2C9E0A4C}.Debug_Win|x64.ActiveCfg = Debug|Any CPU
		{57CC36A0-1AAA-4311-9F4D-EEFF2C9E0A4C}.Debug_Win|x64.Build.0 = Debug|Any CPU
		{57CC36A0-1AAA-4311-9F4D-EEFF2C9E0A4C}.Debug_Win|x86.ActiveCfg = Debug|Any CPU
		{57CC36A0-1AAA-4311-9F4D-EEFF2C9E0A4C}.Debug_Win|x86.Build.0 = Debug|Any CPU
		{57CC36A0-1AAA-4311-9F4D-EEFF2C9E0A4C}.Debug|Any CPU.ActiveCfg = Debug|Any CPU
		{57CC36A0-1AAA-4311-9F4D-EEFF2C9E0A4C}.Debug|Any CPU.Build.0 = Debug|Any CPU
		{57CC36A0-1AAA-4311-9F4D-EEFF2C9E0A4C}.Debug|x64.ActiveCfg = Debug|Any CPU
		{57CC36A0-1AAA-4311-9F4D-EEFF2C9E0A4C}.Debug|x64.Build.0 = Debug|Any CPU
		{57CC36A0-1AAA-4311-9F4D-EEFF2C9E0A4C}.Debug|x86.ActiveCfg = Debug|Any CPU
		{57CC36A0-1AAA-4311-9F4D-EEFF2C9E0A4C}.Debug|x86.Build.0 = Debug|Any CPU
		{57CC36A0-1AAA-4311-9F4D-EEFF2C9E0A4C}.Release_Linux|Any CPU.ActiveCfg = Release|Any CPU
		{57CC36A0-1AAA-4311-9F4D-EEFF2C9E0A4C}.Release_Linux|Any CPU.Build.0 = Release|Any CPU
		{57CC36A0-1AAA-4311-9F4D-EEFF2C9E0A4C}.Release_Linux|x64.ActiveCfg = Release|Any CPU
		{57CC36A0-1AAA-4311-9F4D-EEFF2C9E0A4C}.Release_Linux|x64.Build.0 = Release|Any CPU
		{57CC36A0-1AAA-4311-9F4D-EEFF2C9E0A4C}.Release_Linux|x86.ActiveCfg = Release|Any CPU
		{57CC36A0-1AAA-4311-9F4D-EEFF2C9E0A4C}.Release_Linux|x86.Build.0 = Release|Any CPU
		{57CC36A0-1AAA-4311-9F4D-EEFF2C9E0A4C}.Release_Win|Any CPU.ActiveCfg = Release|Any CPU
		{57CC36A0-1AAA-4311-9F4D-EEFF2C9E0A4C}.Release_Win|Any CPU.Build.0 = Release|Any CPU
		{57CC36A0-1AAA-4311-9F4D-EEFF2C9E0A4C}.Release_Win|x64.ActiveCfg = Release|Any CPU
		{57CC36A0-1AAA-4311-9F4D-EEFF2C9E0A4C}.Release_Win|x64.Build.0 = Release|Any CPU
		{57CC36A0-1AAA-4311-9F4D-EEFF2C9E0A4C}.Release_Win|x86.ActiveCfg = Release|Any CPU
		{57CC36A0-1AAA-4311-9F4D-EEFF2C9E0A4C}.Release_Win|x86.Build.0 = Release|Any CPU
		{57CC36A0-1AAA-4311-9F4D-EEFF2C9E0A4C}.Release|Any CPU.ActiveCfg = Release|Any CPU
		{57CC36A0-1AAA-4311-9F4D-EEFF2C9E0A4C}.Release|Any CPU.Build.0 = Release|Any CPU
		{57CC36A0-1AAA-4311-9F4D-EEFF2C9E0A4C}.Release|x64.ActiveCfg = Release|Any CPU
		{57CC36A0-1AAA-4311-9F4D-EEFF2C9E0A4C}.Release|x64.Build.0 = Release|Any CPU
		{57CC36A0-1AAA-4311-9F4D-EEFF2C9E0A4C}.Release|x86.ActiveCfg = Release|Any CPU
		{57CC36A0-1AAA-4311-9F4D-EEFF2C9E0A4C}.Release|x86.Build.0 = Release|Any CPU
		{57CC36A0-1AAA-4311-9F4D-EEFF2C9E0A4C}.Windows_Debug|Any CPU.ActiveCfg = Debug|Any CPU
		{57CC36A0-1AAA-4311-9F4D-EEFF2C9E0A4C}.Windows_Debug|Any CPU.Build.0 = Debug|Any CPU
		{57CC36A0-1AAA-4311-9F4D-EEFF2C9E0A4C}.Windows_Debug|x64.ActiveCfg = Debug|Any CPU
		{57CC36A0-1AAA-4311-9F4D-EEFF2C9E0A4C}.Windows_Debug|x64.Build.0 = Debug|Any CPU
		{57CC36A0-1AAA-4311-9F4D-EEFF2C9E0A4C}.Windows_Debug|x86.ActiveCfg = Debug|Any CPU
		{57CC36A0-1AAA-4311-9F4D-EEFF2C9E0A4C}.Windows_Debug|x86.Build.0 = Debug|Any CPU
		{64D7C153-8B26-48DA-8028-CE778D3321FB}.Debug_Linux|Any CPU.ActiveCfg = Debug_Linux|Any CPU
		{64D7C153-8B26-48DA-8028-CE778D3321FB}.Debug_Linux|Any CPU.Build.0 = Debug_Linux|Any CPU
		{64D7C153-8B26-48DA-8028-CE778D3321FB}.Debug_Linux|x64.ActiveCfg = Debug_Linux|x64
		{64D7C153-8B26-48DA-8028-CE778D3321FB}.Debug_Linux|x64.Build.0 = Debug_Linux|x64
		{64D7C153-8B26-48DA-8028-CE778D3321FB}.Debug_Linux|x86.ActiveCfg = Debug_Linux|x86
		{64D7C153-8B26-48DA-8028-CE778D3321FB}.Debug_Linux|x86.Build.0 = Debug_Linux|x86
		{64D7C153-8B26-48DA-8028-CE778D3321FB}.Debug_Win|Any CPU.ActiveCfg = Debug_Win|Any CPU
		{64D7C153-8B26-48DA-8028-CE778D3321FB}.Debug_Win|Any CPU.Build.0 = Debug_Win|Any CPU
		{64D7C153-8B26-48DA-8028-CE778D3321FB}.Debug_Win|x64.ActiveCfg = Debug_Win|x64
		{64D7C153-8B26-48DA-8028-CE778D3321FB}.Debug_Win|x64.Build.0 = Debug_Win|x64
		{64D7C153-8B26-48DA-8028-CE778D3321FB}.Debug_Win|x86.ActiveCfg = Debug_Win|x86
		{64D7C153-8B26-48DA-8028-CE778D3321FB}.Debug_Win|x86.Build.0 = Debug_Win|x86
		{64D7C153-8B26-48DA-8028-CE778D3321FB}.Debug|Any CPU.ActiveCfg = Debug|Any CPU
		{64D7C153-8B26-48DA-8028-CE778D3321FB}.Debug|Any CPU.Build.0 = Debug|Any CPU
		{64D7C153-8B26-48DA-8028-CE778D3321FB}.Debug|x64.ActiveCfg = Debug|x64
		{64D7C153-8B26-48DA-8028-CE778D3321FB}.Debug|x64.Build.0 = Debug|x64
		{64D7C153-8B26-48DA-8028-CE778D3321FB}.Debug|x86.ActiveCfg = Debug|x86
		{64D7C153-8B26-48DA-8028-CE778D3321FB}.Debug|x86.Build.0 = Debug|x86
		{64D7C153-8B26-48DA-8028-CE778D3321FB}.Release_Linux|Any CPU.ActiveCfg = Release_Linux|Any CPU
		{64D7C153-8B26-48DA-8028-CE778D3321FB}.Release_Linux|Any CPU.Build.0 = Release_Linux|Any CPU
		{64D7C153-8B26-48DA-8028-CE778D3321FB}.Release_Linux|x64.ActiveCfg = Release_Linux|x64
		{64D7C153-8B26-48DA-8028-CE778D3321FB}.Release_Linux|x64.Build.0 = Release_Linux|x64
		{64D7C153-8B26-48DA-8028-CE778D3321FB}.Release_Linux|x86.ActiveCfg = Release_Linux|x86
		{64D7C153-8B26-48DA-8028-CE778D3321FB}.Release_Linux|x86.Build.0 = Release_Linux|x86
		{64D7C153-8B26-48DA-8028-CE778D3321FB}.Release_Win|Any CPU.ActiveCfg = Release_Win|Any CPU
		{64D7C153-8B26-48DA-8028-CE778D3321FB}.Release_Win|Any CPU.Build.0 = Release_Win|Any CPU
		{64D7C153-8B26-48DA-8028-CE778D3321FB}.Release_Win|x64.ActiveCfg = Release_Win|x64
		{64D7C153-8B26-48DA-8028-CE778D3321FB}.Release_Win|x64.Build.0 = Release_Win|x64
		{64D7C153-8B26-48DA-8028-CE778D3321FB}.Release_Win|x86.ActiveCfg = Release_Win|x86
		{64D7C153-8B26-48DA-8028-CE778D3321FB}.Release_Win|x86.Build.0 = Release_Win|x86
		{64D7C153-8B26-48DA-8028-CE778D3321FB}.Release|Any CPU.ActiveCfg = Release|Any CPU
		{64D7C153-8B26-48DA-8028-CE778D3321FB}.Release|Any CPU.Build.0 = Release|Any CPU
		{64D7C153-8B26-48DA-8028-CE778D3321FB}.Release|x64.ActiveCfg = Release|x64
		{64D7C153-8B26-48DA-8028-CE778D3321FB}.Release|x64.Build.0 = Release|x64
		{64D7C153-8B26-48DA-8028-CE778D3321FB}.Release|x86.ActiveCfg = Release|x86
		{64D7C153-8B26-48DA-8028-CE778D3321FB}.Release|x86.Build.0 = Release|x86
		{64D7C153-8B26-48DA-8028-CE778D3321FB}.Windows_Debug|Any CPU.ActiveCfg = Windows_Debug|Any CPU
		{64D7C153-8B26-48DA-8028-CE778D3321FB}.Windows_Debug|Any CPU.Build.0 = Windows_Debug|Any CPU
		{64D7C153-8B26-48DA-8028-CE778D3321FB}.Windows_Debug|x64.ActiveCfg = Windows_Debug|x64
		{64D7C153-8B26-48DA-8028-CE778D3321FB}.Windows_Debug|x64.Build.0 = Windows_Debug|x64
		{64D7C153-8B26-48DA-8028-CE778D3321FB}.Windows_Debug|x86.ActiveCfg = Windows_Debug|x86
		{64D7C153-8B26-48DA-8028-CE778D3321FB}.Windows_Debug|x86.Build.0 = Windows_Debug|x86
		{C67B046F-8567-417F-9CBF-BB69C119857C}.Debug_Linux|Any CPU.ActiveCfg = Debug|Any CPU
		{C67B046F-8567-417F-9CBF-BB69C119857C}.Debug_Linux|Any CPU.Build.0 = Debug|Any CPU
		{C67B046F-8567-417F-9CBF-BB69C119857C}.Debug_Linux|x64.ActiveCfg = Debug|Any CPU
		{C67B046F-8567-417F-9CBF-BB69C119857C}.Debug_Linux|x64.Build.0 = Debug|Any CPU
		{C67B046F-8567-417F-9CBF-BB69C119857C}.Debug_Linux|x86.ActiveCfg = Debug|Any CPU
		{C67B046F-8567-417F-9CBF-BB69C119857C}.Debug_Linux|x86.Build.0 = Debug|Any CPU
		{C67B046F-8567-417F-9CBF-BB69C119857C}.Debug_Win|Any CPU.ActiveCfg = Debug|Any CPU
		{C67B046F-8567-417F-9CBF-BB69C119857C}.Debug_Win|Any CPU.Build.0 = Debug|Any CPU
		{C67B046F-8567-417F-9CBF-BB69C119857C}.Debug_Win|x64.ActiveCfg = Debug|Any CPU
		{C67B046F-8567-417F-9CBF-BB69C119857C}.Debug_Win|x64.Build.0 = Debug|Any CPU
		{C67B046F-8567-417F-9CBF-BB69C119857C}.Debug_Win|x86.ActiveCfg = Debug|Any CPU
		{C67B046F-8567-417F-9CBF-BB69C119857C}.Debug_Win|x86.Build.0 = Debug|Any CPU
		{C67B046F-8567-417F-9CBF-BB69C119857C}.Debug|Any CPU.ActiveCfg = Debug|Any CPU
		{C67B046F-8567-417F-9CBF-BB69C119857C}.Debug|Any CPU.Build.0 = Debug|Any CPU
		{C67B046F-8567-417F-9CBF-BB69C119857C}.Debug|x64.ActiveCfg = Debug|Any CPU
		{C67B046F-8567-417F-9CBF-BB69C119857C}.Debug|x64.Build.0 = Debug|Any CPU
		{C67B046F-8567-417F-9CBF-BB69C119857C}.Debug|x86.ActiveCfg = Debug|Any CPU
		{C67B046F-8567-417F-9CBF-BB69C119857C}.Debug|x86.Build.0 = Debug|Any CPU
		{C67B046F-8567-417F-9CBF-BB69C119857C}.Release_Linux|Any CPU.ActiveCfg = Release|Any CPU
		{C67B046F-8567-417F-9CBF-BB69C119857C}.Release_Linux|Any CPU.Build.0 = Release|Any CPU
		{C67B046F-8567-417F-9CBF-BB69C119857C}.Release_Linux|x64.ActiveCfg = Release|Any CPU
		{C67B046F-8567-417F-9CBF-BB69C119857C}.Release_Linux|x64.Build.0 = Release|Any CPU
		{C67B046F-8567-417F-9CBF-BB69C119857C}.Release_Linux|x86.ActiveCfg = Release|Any CPU
		{C67B046F-8567-417F-9CBF-BB69C119857C}.Release_Linux|x86.Build.0 = Release|Any CPU
		{C67B046F-8567-417F-9CBF-BB69C119857C}.Release_Win|Any CPU.ActiveCfg = Release|Any CPU
		{C67B046F-8567-417F-9CBF-BB69C119857C}.Release_Win|Any CPU.Build.0 = Release|Any CPU
		{C67B046F-8567-417F-9CBF-BB69C119857C}.Release_Win|x64.ActiveCfg = Release|Any CPU
		{C67B046F-8567-417F-9CBF-BB69C119857C}.Release_Win|x64.Build.0 = Release|Any CPU
		{C67B046F-8567-417F-9CBF-BB69C119857C}.Release_Win|x86.ActiveCfg = Release|Any CPU
		{C67B046F-8567-417F-9CBF-BB69C119857C}.Release_Win|x86.Build.0 = Release|Any CPU
		{C67B046F-8567-417F-9CBF-BB69C119857C}.Release|Any CPU.ActiveCfg = Release|Any CPU
		{C67B046F-8567-417F-9CBF-BB69C119857C}.Release|Any CPU.Build.0 = Release|Any CPU
		{C67B046F-8567-417F-9CBF-BB69C119857C}.Release|x64.ActiveCfg = Release|Any CPU
		{C67B046F-8567-417F-9CBF-BB69C119857C}.Release|x64.Build.0 = Release|Any CPU
		{C67B046F-8567-417F-9CBF-BB69C119857C}.Release|x86.ActiveCfg = Release|Any CPU
		{C67B046F-8567-417F-9CBF-BB69C119857C}.Release|x86.Build.0 = Release|Any CPU
		{C67B046F-8567-417F-9CBF-BB69C119857C}.Windows_Debug|Any CPU.ActiveCfg = Debug|Any CPU
		{C67B046F-8567-417F-9CBF-BB69C119857C}.Windows_Debug|Any CPU.Build.0 = Debug|Any CPU
		{C67B046F-8567-417F-9CBF-BB69C119857C}.Windows_Debug|x64.ActiveCfg = Debug|Any CPU
		{C67B046F-8567-417F-9CBF-BB69C119857C}.Windows_Debug|x64.Build.0 = Debug|Any CPU
		{C67B046F-8567-417F-9CBF-BB69C119857C}.Windows_Debug|x86.ActiveCfg = Debug|Any CPU
		{C67B046F-8567-417F-9CBF-BB69C119857C}.Windows_Debug|x86.Build.0 = Debug|Any CPU
		{73F210CB-1888-4603-8651-4172C3427290}.Debug_Linux|Any CPU.ActiveCfg = Debug|Any CPU
		{73F210CB-1888-4603-8651-4172C3427290}.Debug_Linux|Any CPU.Build.0 = Debug|Any CPU
		{73F210CB-1888-4603-8651-4172C3427290}.Debug_Linux|x64.ActiveCfg = Debug|Any CPU
		{73F210CB-1888-4603-8651-4172C3427290}.Debug_Linux|x64.Build.0 = Debug|Any CPU
		{73F210CB-1888-4603-8651-4172C3427290}.Debug_Linux|x86.ActiveCfg = Debug|Any CPU
		{73F210CB-1888-4603-8651-4172C3427290}.Debug_Linux|x86.Build.0 = Debug|Any CPU
		{73F210CB-1888-4603-8651-4172C3427290}.Debug_Win|Any CPU.ActiveCfg = Debug|Any CPU
		{73F210CB-1888-4603-8651-4172C3427290}.Debug_Win|Any CPU.Build.0 = Debug|Any CPU
		{73F210CB-1888-4603-8651-4172C3427290}.Debug_Win|x64.ActiveCfg = Debug|Any CPU
		{73F210CB-1888-4603-8651-4172C3427290}.Debug_Win|x64.Build.0 = Debug|Any CPU
		{73F210CB-1888-4603-8651-4172C3427290}.Debug_Win|x86.ActiveCfg = Debug|Any CPU
		{73F210CB-1888-4603-8651-4172C3427290}.Debug_Win|x86.Build.0 = Debug|Any CPU
		{73F210CB-1888-4603-8651-4172C3427290}.Debug|Any CPU.ActiveCfg = Debug|Any CPU
		{73F210CB-1888-4603-8651-4172C3427290}.Debug|Any CPU.Build.0 = Debug|Any CPU
		{73F210CB-1888-4603-8651-4172C3427290}.Debug|x64.ActiveCfg = Debug|Any CPU
		{73F210CB-1888-4603-8651-4172C3427290}.Debug|x64.Build.0 = Debug|Any CPU
		{73F210CB-1888-4603-8651-4172C3427290}.Debug|x86.ActiveCfg = Debug|Any CPU
		{73F210CB-1888-4603-8651-4172C3427290}.Debug|x86.Build.0 = Debug|Any CPU
		{73F210CB-1888-4603-8651-4172C3427290}.Release_Linux|Any CPU.ActiveCfg = Release|Any CPU
		{73F210CB-1888-4603-8651-4172C3427290}.Release_Linux|Any CPU.Build.0 = Release|Any CPU
		{73F210CB-1888-4603-8651-4172C3427290}.Release_Linux|x64.ActiveCfg = Release|Any CPU
		{73F210CB-1888-4603-8651-4172C3427290}.Release_Linux|x64.Build.0 = Release|Any CPU
		{73F210CB-1888-4603-8651-4172C3427290}.Release_Linux|x86.ActiveCfg = Release|Any CPU
		{73F210CB-1888-4603-8651-4172C3427290}.Release_Linux|x86.Build.0 = Release|Any CPU
		{73F210CB-1888-4603-8651-4172C3427290}.Release_Win|Any CPU.ActiveCfg = Release|Any CPU
		{73F210CB-1888-4603-8651-4172C3427290}.Release_Win|Any CPU.Build.0 = Release|Any CPU
		{73F210CB-1888-4603-8651-4172C3427290}.Release_Win|x64.ActiveCfg = Release|Any CPU
		{73F210CB-1888-4603-8651-4172C3427290}.Release_Win|x64.Build.0 = Release|Any CPU
		{73F210CB-1888-4603-8651-4172C3427290}.Release_Win|x86.ActiveCfg = Release|Any CPU
		{73F210CB-1888-4603-8651-4172C3427290}.Release_Win|x86.Build.0 = Release|Any CPU
		{73F210CB-1888-4603-8651-4172C3427290}.Release|Any CPU.ActiveCfg = Release|Any CPU
		{73F210CB-1888-4603-8651-4172C3427290}.Release|Any CPU.Build.0 = Release|Any CPU
		{73F210CB-1888-4603-8651-4172C3427290}.Release|x64.ActiveCfg = Release|Any CPU
		{73F210CB-1888-4603-8651-4172C3427290}.Release|x64.Build.0 = Release|Any CPU
		{73F210CB-1888-4603-8651-4172C3427290}.Release|x86.ActiveCfg = Release|Any CPU
		{73F210CB-1888-4603-8651-4172C3427290}.Release|x86.Build.0 = Release|Any CPU
		{73F210CB-1888-4603-8651-4172C3427290}.Windows_Debug|Any CPU.ActiveCfg = Debug|Any CPU
		{73F210CB-1888-4603-8651-4172C3427290}.Windows_Debug|Any CPU.Build.0 = Debug|Any CPU
		{73F210CB-1888-4603-8651-4172C3427290}.Windows_Debug|x64.ActiveCfg = Debug|Any CPU
		{73F210CB-1888-4603-8651-4172C3427290}.Windows_Debug|x64.Build.0 = Debug|Any CPU
		{73F210CB-1888-4603-8651-4172C3427290}.Windows_Debug|x86.ActiveCfg = Debug|Any CPU
		{73F210CB-1888-4603-8651-4172C3427290}.Windows_Debug|x86.Build.0 = Debug|Any CPU
	EndGlobalSection
	GlobalSection(SolutionProperties) = preSolution
		HideSolutionNode = FALSE
	EndGlobalSection
	GlobalSection(ExtensibilityGlobals) = postSolution
		SolutionGuid = {885C0A44-A188-4EA9-9440-099BD9DE3FCE}
	EndGlobalSection
EndGlobal
